
Microsoft Visual Studio Solution File, Format Version 12.00
# Visual Studio Version 17
VisualStudioVersion = 17.5.002.0
MinimumVisualStudioVersion = 10.0.40219.1
Project("{9A19103F-16F7-4668-BE54-9A1E7A4F7556}") = "api", "api\api.csproj", "{36186C20-372E-4BBB-98AA-88D36E5DBBBD}"
EndProject
Project("{9A19103F-16F7-4668-BE54-9A1E7A4F7556}") = "BLNB_MAGames", "BLNB_MAGames\BLNB_MAGames.csproj", "{8E8B8B3F-AC86-447D-8BF5-86B8351454C3}"
EndProject
Project("{9A19103F-16F7-4668-BE54-9A1E7A4F7556}") = "SharedParams", "SharedParams\SharedParams.csproj", "{3D27B24A-3803-430D-89C2-551B39E3C5E9}"
EndProject
Global
	GlobalSection(SolutionConfigurationPlatforms) = preSolution
		Debug|Any CPU = Debug|Any CPU
		Release|Any CPU = Release|Any CPU
	EndGlobalSection
	GlobalSection(ProjectConfigurationPlatforms) = postSolution
		{36186C20-372E-4BBB-98AA-88D36E5DBBBD}.Debug|Any CPU.ActiveCfg = Debug|Any CPU
		{36186C20-372E-4BBB-98AA-88D36E5DBBBD}.Debug|Any CPU.Build.0 = Debug|Any CPU
		{36186C20-372E-4BBB-98AA-88D36E5DBBBD}.Release|Any CPU.ActiveCfg = Release|Any CPU
		{36186C20-372E-4BBB-98AA-88D36E5DBBBD}.Release|Any CPU.Build.0 = Release|Any CPU
		{8E8B8B3F-AC86-447D-8BF5-86B8351454C3}.Debug|Any CPU.ActiveCfg = Debug|Any CPU
		{8E8B8B3F-AC86-447D-8BF5-86B8351454C3}.Debug|Any CPU.Build.0 = Debug|Any CPU
		{8E8B8B3F-AC86-447D-8BF5-86B8351454C3}.Release|Any CPU.ActiveCfg = Release|Any CPU
		{8E8B8B3F-AC86-447D-8BF5-86B8351454C3}.Release|Any CPU.Build.0 = Release|Any CPU
		{3D27B24A-3803-430D-89C2-551B39E3C5E9}.Debug|Any CPU.ActiveCfg = Debug|Any CPU
		{3D27B24A-3803-430D-89C2-551B39E3C5E9}.Debug|Any CPU.Build.0 = Debug|Any CPU
		{3D27B24A-3803-430D-89C2-551B39E3C5E9}.Release|Any CPU.ActiveCfg = Release|Any CPU
		{3D27B24A-3803-430D-89C2-551B39E3C5E9}.Release|Any CPU.Build.0 = Release|Any CPU
	EndGlobalSection
	GlobalSection(SolutionProperties) = preSolution
		HideSolutionNode = FALSE
	EndGlobalSection
	GlobalSection(ExtensibilityGlobals) = postSolution
		SolutionGuid = {D6EE4039-2990-4216-BC4C-C45ED61DA8A2}
	EndGlobalSection
EndGlobal
